PS C:\Users\mliashch\IdeaProjects\s\terraform> terraform plan
aws_vpc.main: Refreshing state... [id=vpc-00e3e602ea00e4f9d]
aws_internet_gateway.igw: Refreshing state... [id=igw-0f381e0ab457fb7e7]
aws_subnet.private_subnet: Refreshing state... [id=subnet-0298db1bfbca7fb35]
aws_subnet.public_subnet: Refreshing state... [id=subnet-029b0ab49ad82a639]
aws_security_group.ubuntu_sg: Refreshing state... [id=sg-0b3326d7be7f25fe2]
aws_route_table.public_rt: Refreshing state... [id=rtb-0c826d457b3d2cc65]
aws_route_table_association.public_assoc: Refreshing state... [id=rtbassoc-05155bd44be1dd230]
aws_instance.ubuntu: Refreshing state... [id=i-0bee9d7813a9293fd]
aws_security_group.amazon_sg: Refreshing state... [id=sg-0323d3ee1808a5b40]
aws_instance.amazon_linux: Refreshing state... [id=i-07c3f5cc60777e62b]

Terraform used the selected providers to generate the following execution plan. Resource actions are indicated with the following symbols:
-/+ destroy and then create replacement

Terraform will perform the following actions:

  # aws_instance.amazon_linux must be replaced
-/+ resource "aws_instance" "amazon_linux" {
      ~ arn                                  = "arn:aws:ec2:eu-north-1:211125713712:instance/i-07c3f5cc60777e62b" -> (known after apply)
      ~ associate_public_ip_address          = false -> (known after apply)
      ~ availability_zone                    = "eu-north-1a" -> (known after apply)
      ~ cpu_core_count                       = 1 -> (known after apply)
      ~ cpu_threads_per_core                 = 2 -> (known after apply)
      ~ disable_api_stop                     = false -> (known after apply)
      ~ disable_api_termination              = false -> (known after apply)
      ~ ebs_optimized                        = false -> (known after apply)
      + enable_primary_ipv6                  = (known after apply)
      - hibernation                          = false -> null
      + host_id                              = (known after apply)
      + host_resource_group_arn              = (known after apply)
      + iam_instance_profile                 = (known after apply)
      ~ id                                   = "i-07c3f5cc60777e62b" -> (known after apply)
      ~ instance_initiated_shutdown_behavior = "stop" -> (known after apply)
      + instance_lifecycle                   = (known after apply)
      ~ instance_state                       = "running" -> (known after apply)
      ~ ipv6_address_count                   = 0 -> (known after apply)
      ~ ipv6_addresses                       = [] -> (known after apply)
      + key_name                             = (known after apply)
      ~ monitoring                           = false -> (known after apply)
      + outpost_arn                          = (known after apply)
      + password_data                        = (known after apply)
      + placement_group                      = (known after apply)
      ~ placement_partition_number           = 0 -> (known after apply)
      ~ primary_network_interface_id         = "eni-075447ff369859578" -> (known after apply)
      ~ private_dns                          = "ip-10-0-2-237.eu-north-1.compute.internal" -> (known after apply)
      ~ private_ip                           = "10.0.2.237" -> (known after apply)
      + public_dns                           = (known after apply)
      + public_ip                            = (known after apply)
      ~ secondary_private_ips                = [] -> (known after apply)
      ~ security_groups                      = [ # forces replacement
          + "sg-0323d3ee1808a5b40",
        ]
      + spot_instance_request_id             = (known after apply)
        tags                                 = {
            "Name" = "Amazon-Private-Instance"
        }
      ~ tenancy                              = "default" -> (known after apply)
      + user_data                            = (known after apply)
      + user_data_base64                     = (known after apply)
      ~ vpc_security_group_ids               = [
          - "sg-0323d3ee1808a5b40",
        ] -> (known after apply)
        # (7 unchanged attributes hidden)

      ~ capacity_reservation_specification (known after apply)
      - capacity_reservation_specification {
          - capacity_reservation_preference = "open" -> null
        }

      ~ cpu_options (known after apply)
      - cpu_options {
          - core_count       = 1 -> null
          - threads_per_core = 2 -> null
            # (1 unchanged attribute hidden)
        }

      - credit_specification {
          - cpu_credits = "unlimited" -> null
        }

      ~ ebs_block_device (known after apply)

      ~ enclave_options (known after apply)
      - enclave_options {
          - enabled = false -> null
        }

      ~ ephemeral_block_device (known after apply)

      ~ instance_market_options (known after apply)

      ~ maintenance_options (known after apply)
      - maintenance_options {
          - auto_recovery = "default" -> null
        }

      ~ metadata_options (known after apply)
      - metadata_options {
          - http_endpoint               = "enabled" -> null
          - http_protocol_ipv6          = "disabled" -> null
          - http_put_response_hop_limit = 2 -> null
          - http_tokens                 = "required" -> null
          - instance_metadata_tags      = "disabled" -> null
        }

      ~ network_interface (known after apply)

      ~ private_dns_name_options (known after apply)
      - private_dns_name_options {
          - enable_resource_name_dns_a_record    = false -> null
          - enable_resource_name_dns_aaaa_record = false -> null
          - hostname_type                        = "ip-name" -> null
        }

      ~ root_block_device (known after apply)
      - root_block_device {
          - delete_on_termination = true -> null
          - device_name           = "/dev/xvda" -> null
          - encrypted             = false -> null
          - iops                  = 3000 -> null
          - tags                  = {} -> null
          - tags_all              = {} -> null
          - throughput            = 125 -> null
          - volume_id             = "vol-0d07a3ccd954f4047" -> null
          - volume_size           = 8 -> null
          - volume_type           = "gp3" -> null
            # (1 unchanged attribute hidden)
        }
    }

  # aws_instance.ubuntu must be replaced
-/+ resource "aws_instance" "ubuntu" {
      ~ arn                                  = "arn:aws:ec2:eu-north-1:211125713712:instance/i-0bee9d7813a9293fd" -> (known after apply)
      ~ associate_public_ip_address          = true -> (known after apply)
      ~ availability_zone                    = "eu-north-1a" -> (known after apply)
      ~ cpu_core_count                       = 1 -> (known after apply)
      ~ cpu_threads_per_core                 = 2 -> (known after apply)
      ~ disable_api_stop                     = false -> (known after apply)
      ~ disable_api_termination              = false -> (known after apply)
      ~ ebs_optimized                        = false -> (known after apply)
      + enable_primary_ipv6                  = (known after apply)
      - hibernation                          = false -> null
      + host_id                              = (known after apply)
      + host_resource_group_arn              = (known after apply)
      + iam_instance_profile                 = (known after apply)
      ~ id                                   = "i-0bee9d7813a9293fd" -> (known after apply)
      ~ instance_initiated_shutdown_behavior = "stop" -> (known after apply)
      + instance_lifecycle                   = (known after apply)
      ~ instance_state                       = "running" -> (known after apply)
      ~ ipv6_address_count                   = 0 -> (known after apply)
      ~ ipv6_addresses                       = [] -> (known after apply)
      + key_name                             = (known after apply)
      ~ monitoring                           = false -> (known after apply)
      + outpost_arn                          = (known after apply)
      + password_data                        = (known after apply)
      + placement_group                      = (known after apply)
      ~ placement_partition_number           = 0 -> (known after apply)
      ~ primary_network_interface_id         = "eni-0e0a9e97dcdbd8d43" -> (known after apply)
      ~ private_dns                          = "ip-10-0-1-177.eu-north-1.compute.internal" -> (known after apply)
      ~ private_ip                           = "10.0.1.177" -> (known after apply)
      + public_dns                           = (known after apply)
      ~ public_ip                            = "56.228.16.24" -> (known after apply)
      ~ secondary_private_ips                = [] -> (known after apply)
      ~ security_groups                      = [ # forces replacement
          + "sg-0b3326d7be7f25fe2",
        ]
      + spot_instance_request_id             = (known after apply)
        tags                                 = {
            "Name" = "Ubuntu-Web-Server"
        }
      ~ tenancy                              = "default" -> (known after apply)
      + user_data_base64                     = (known after apply)
      ~ vpc_security_group_ids               = [
          - "sg-0b3326d7be7f25fe2",
        ] -> (known after apply)
        # (8 unchanged attributes hidden)

      ~ capacity_reservation_specification (known after apply)
      - capacity_reservation_specification {
          - capacity_reservation_preference = "open" -> null
        }

      ~ cpu_options (known after apply)
      - cpu_options {
          - core_count       = 1 -> null
          - threads_per_core = 2 -> null
            # (1 unchanged attribute hidden)
        }

      - credit_specification {
          - cpu_credits = "unlimited" -> null
        }

      ~ ebs_block_device (known after apply)

      ~ enclave_options (known after apply)
      - enclave_options {
          - enabled = false -> null
        }

      ~ ephemeral_block_device (known after apply)

      ~ instance_market_options (known after apply)

      ~ maintenance_options (known after apply)
      - maintenance_options {
          - auto_recovery = "default" -> null
        }

      ~ metadata_options (known after apply)
      - metadata_options {
          - http_endpoint               = "enabled" -> null
          - http_protocol_ipv6          = "disabled" -> null
          - http_put_response_hop_limit = 2 -> null
          - http_tokens                 = "required" -> null
          - instance_metadata_tags      = "disabled" -> null
        }

      ~ network_interface (known after apply)

      ~ private_dns_name_options (known after apply)
      - private_dns_name_options {
          - enable_resource_name_dns_a_record    = false -> null
          - enable_resource_name_dns_aaaa_record = false -> null
          - hostname_type                        = "ip-name" -> null
        }

      ~ root_block_device (known after apply)
      - root_block_device {
          - delete_on_termination = true -> null
          - device_name           = "/dev/sda1" -> null
          - encrypted             = false -> null
          - iops                  = 3000 -> null
          - tags                  = {} -> null
          - tags_all              = {} -> null
          - throughput            = 125 -> null
          - volume_id             = "vol-0bf406b176e666076" -> null
          - volume_size           = 8 -> null
          - volume_type           = "gp3" -> null
            # (1 unchanged attribute hidden)
        }
    }

Plan: 2 to add, 0 to change, 2 to destroy.

